
Microsoft Visual Studio Solution File, Format Version 12.00
# Visual Studio 2012
Project("{FAE04EC0-301F-11D3-BF4B-00C04F79EFBC}") = "sync.conflicts", "sync.conflicts\sync.conflicts.csproj", "{0996AFDF-7FDB-44BA-9345-22843B73E689}"
EndProject
Project("{FAE04EC0-301F-11D3-BF4B-00C04F79EFBC}") = "sync.conflicts.tests", "sync.conflicts.tests\sync.conflicts.tests.csproj", "{CDC8558C-D903-4654-A3F0-8E7F79A7F14C}"
EndProject
Global
	GlobalSection(SolutionConfigurationPlatforms) = preSolution
		Debug|Any CPU = Debug|Any CPU
		Release|Any CPU = Release|Any CPU
	EndGlobalSection
	GlobalSection(ProjectConfigurationPlatforms) = postSolution
		{0996AFDF-7FDB-44BA-9345-22843B73E689}.Debug|Any CPU.ActiveCfg = Debug|Any CPU
		{0996AFDF-7FDB-44BA-9345-22843B73E689}.Debug|Any CPU.Build.0 = Debug|Any CPU
		{0996AFDF-7FDB-44BA-9345-22843B73E689}.Release|Any CPU.ActiveCfg = Release|Any CPU
		{0996AFDF-7FDB-44BA-9345-22843B73E689}.Release|Any CPU.Build.0 = Release|Any CPU
		{CDC8558C-D903-4654-A3F0-8E7F79A7F14C}.Debug|Any CPU.ActiveCfg = Debug|Any CPU
		{CDC8558C-D903-4654-A3F0-8E7F79A7F14C}.Debug|Any CPU.Build.0 = Debug|Any CPU
		{CDC8558C-D903-4654-A3F0-8E7F79A7F14C}.Release|Any CPU.ActiveCfg = Release|Any CPU
		{CDC8558C-D903-4654-A3F0-8E7F79A7F14C}.Release|Any CPU.Build.0 = Release|Any CPU
	EndGlobalSection
	GlobalSection(SolutionProperties) = preSolution
		HideSolutionNode = FALSE
	EndGlobalSection
EndGlobal
