
Microsoft Visual Studio Solution File, Format Version 12.00
# Visual Studio 2012
Project("{FAE04EC0-301F-11D3-BF4B-00C04F79EFBC}") = "sync.remotesynctable.parse", "sync.remotesynctable.parse\sync.remotesynctable.parse.csproj", "{FFDA6185-6006-4A54-9437-E43C528468B2}"
EndProject
Project("{FAE04EC0-301F-11D3-BF4B-00C04F79EFBC}") = "sync.remotesynctable.parse.tests", "sync.remotesynctable.parse.tests\sync.remotesynctable.parse.tests.csproj", "{D786C784-DA1B-478C-A3CA-AB6FC5770E38}"
EndProject
Global
	GlobalSection(SolutionConfigurationPlatforms) = preSolution
		Debug|Any CPU = Debug|Any CPU
		Release|Any CPU = Release|Any CPU
	EndGlobalSection
	GlobalSection(ProjectConfigurationPlatforms) = postSolution
		{FFDA6185-6006-4A54-9437-E43C528468B2}.Debug|Any CPU.ActiveCfg = Debug|Any CPU
		{FFDA6185-6006-4A54-9437-E43C528468B2}.Debug|Any CPU.Build.0 = Debug|Any CPU
		{FFDA6185-6006-4A54-9437-E43C528468B2}.Release|Any CPU.ActiveCfg = Release|Any CPU
		{FFDA6185-6006-4A54-9437-E43C528468B2}.Release|Any CPU.Build.0 = Release|Any CPU
		{D786C784-DA1B-478C-A3CA-AB6FC5770E38}.Debug|Any CPU.ActiveCfg = Debug|Any CPU
		{D786C784-DA1B-478C-A3CA-AB6FC5770E38}.Debug|Any CPU.Build.0 = Debug|Any CPU
		{D786C784-DA1B-478C-A3CA-AB6FC5770E38}.Release|Any CPU.ActiveCfg = Release|Any CPU
		{D786C784-DA1B-478C-A3CA-AB6FC5770E38}.Release|Any CPU.Build.0 = Release|Any CPU
	EndGlobalSection
	GlobalSection(SolutionProperties) = preSolution
		HideSolutionNode = FALSE
	EndGlobalSection
EndGlobal
