
Microsoft Visual Studio Solution File, Format Version 12.00
# Visual Studio 2012
Project("{FAE04EC0-301F-11D3-BF4B-00C04F79EFBC}") = "sync.localsynctable", "sync.localsynctable\sync.localsynctable.csproj", "{5EF45155-6EB5-4226-9F83-28981F812D4C}"
EndProject
Project("{FAE04EC0-301F-11D3-BF4B-00C04F79EFBC}") = "sync.localsynctable.tests", "sync.localsynctable.tests\sync.localsynctable.tests.csproj", "{D86B1775-BCAC-4135-B593-9F27E541BB0A}"
EndProject
Global
	GlobalSection(SolutionConfigurationPlatforms) = preSolution
		Debug|Any CPU = Debug|Any CPU
		Release|Any CPU = Release|Any CPU
	EndGlobalSection
	GlobalSection(ProjectConfigurationPlatforms) = postSolution
		{5EF45155-6EB5-4226-9F83-28981F812D4C}.Debug|Any CPU.ActiveCfg = Debug|Any CPU
		{5EF45155-6EB5-4226-9F83-28981F812D4C}.Debug|Any CPU.Build.0 = Debug|Any CPU
		{5EF45155-6EB5-4226-9F83-28981F812D4C}.Release|Any CPU.ActiveCfg = Release|Any CPU
		{5EF45155-6EB5-4226-9F83-28981F812D4C}.Release|Any CPU.Build.0 = Release|Any CPU
		{D86B1775-BCAC-4135-B593-9F27E541BB0A}.Debug|Any CPU.ActiveCfg = Debug|Any CPU
		{D86B1775-BCAC-4135-B593-9F27E541BB0A}.Debug|Any CPU.Build.0 = Debug|Any CPU
		{D86B1775-BCAC-4135-B593-9F27E541BB0A}.Release|Any CPU.ActiveCfg = Release|Any CPU
		{D86B1775-BCAC-4135-B593-9F27E541BB0A}.Release|Any CPU.Build.0 = Release|Any CPU
	EndGlobalSection
	GlobalSection(SolutionProperties) = preSolution
		HideSolutionNode = FALSE
	EndGlobalSection
EndGlobal
