
Microsoft Visual Studio Solution File, Format Version 12.00
# Visual Studio 2012
Project("{FAE04EC0-301F-11D3-BF4B-00C04F79EFBC}") = "sync.remotesynctable.filesystem", "sync.remotesynctable.filesystem\sync.remotesynctable.filesystem.csproj", "{E1EE72E5-9DCB-4229-A21B-3E06935177F9}"
EndProject
Project("{FAE04EC0-301F-11D3-BF4B-00C04F79EFBC}") = "sync.remotesynctable.filesystem.tests", "sync.remotesynctable.filesystem.tests\sync.remotesynctable.filesystem.tests.csproj", "{65D9D4B6-4A95-4181-B6E6-DD198D30FAB2}"
EndProject
Global
	GlobalSection(SolutionConfigurationPlatforms) = preSolution
		Debug|Any CPU = Debug|Any CPU
		Release|Any CPU = Release|Any CPU
	EndGlobalSection
	GlobalSection(ProjectConfigurationPlatforms) = postSolution
		{E1EE72E5-9DCB-4229-A21B-3E06935177F9}.Debug|Any CPU.ActiveCfg = Debug|Any CPU
		{E1EE72E5-9DCB-4229-A21B-3E06935177F9}.Debug|Any CPU.Build.0 = Debug|Any CPU
		{E1EE72E5-9DCB-4229-A21B-3E06935177F9}.Release|Any CPU.ActiveCfg = Release|Any CPU
		{E1EE72E5-9DCB-4229-A21B-3E06935177F9}.Release|Any CPU.Build.0 = Release|Any CPU
		{65D9D4B6-4A95-4181-B6E6-DD198D30FAB2}.Debug|Any CPU.ActiveCfg = Debug|Any CPU
		{65D9D4B6-4A95-4181-B6E6-DD198D30FAB2}.Debug|Any CPU.Build.0 = Debug|Any CPU
		{65D9D4B6-4A95-4181-B6E6-DD198D30FAB2}.Release|Any CPU.ActiveCfg = Release|Any CPU
		{65D9D4B6-4A95-4181-B6E6-DD198D30FAB2}.Release|Any CPU.Build.0 = Release|Any CPU
	EndGlobalSection
	GlobalSection(SolutionProperties) = preSolution
		HideSolutionNode = FALSE
	EndGlobalSection
EndGlobal
